
Microsoft Visual Studio Solution File, Format Version 12.00
# Visual Studio Version 17
VisualStudioVersion = 17.7.34018.315
MinimumVisualStudioVersion = 10.0.40219.1
Project("{FAE04EC0-301F-11D3-BF4B-00C04F79EFBC}") = "Inventory App", "Inventory App\Inventory App.csproj", "{A681EBC7-BCD9-4958-BE7C-94439FFFDC96}"
EndProject
Global
	GlobalSection(SolutionConfigurationPlatforms) = preSolution
		Debug|Any CPU = Debug|Any CPU
		Release|Any CPU = Release|Any CPU
	EndGlobalSection
	GlobalSection(ProjectConfigurationPlatforms) = postSolution
		{A681EBC7-BCD9-4958-BE7C-94439FFFDC96}.Debug|Any CPU.ActiveCfg = Debug|Any CPU
		{A681EBC7-BCD9-4958-BE7C-94439FFFDC96}.Debug|Any CPU.Build.0 = Debug|Any CPU
		{A681EBC7-BCD9-4958-BE7C-94439FFFDC96}.Release|Any CPU.ActiveCfg = Release|Any CPU
		{A681EBC7-BCD9-4958-BE7C-94439FFFDC96}.Release|Any CPU.Build.0 = Release|Any CPU
	EndGlobalSection
	GlobalSection(SolutionProperties) = preSolution
		HideSolutionNode = FALSE
	EndGlobalSection
	GlobalSection(ExtensibilityGlobals) = postSolution
		SolutionGuid = {B961B937-D676-4DF7-BD6C-858BB21689E5}
	EndGlobalSection
EndGlobal
